
Microsoft Visual Studio Solution File, Format Version 12.00
# Visual Studio Version 17
VisualStudioVersion = 17.0.31903.59
MinimumVisualStudioVersion = 10.0.40219.1
Project("{FAE04EC0-301F-11D3-BF4B-00C04F79EFBC}") = "DAL", "DAL\DAL.csproj", "{92898167-D624-4347-8EB5-0A5A23D9A871}"
EndProject
Project("{FAE04EC0-301F-11D3-BF4B-00C04F79EFBC}") = "BLL", "BLL\BLL.csproj", "{04E70360-EA41-4183-8618-5F0A59A236E5}"
EndProject
Project("{FAE04EC0-301F-11D3-BF4B-00C04F79EFBC}") = "BOL", "BOL\BOL.csproj", "{79FB83F0-F191-42F1-BD2F-468D1558A19F}"
EndProject
Project("{FAE04EC0-301F-11D3-BF4B-00C04F79EFBC}") = "MVC", "MVC\MVC.csproj", "{C3CA90B9-4F7A-4660-B39A-274916D16D9C}"
EndProject
Global
	GlobalSection(SolutionConfigurationPlatforms) = preSolution
		Debug|Any CPU = Debug|Any CPU
		Release|Any CPU = Release|Any CPU
	EndGlobalSection
	GlobalSection(SolutionProperties) = preSolution
		HideSolutionNode = FALSE
	EndGlobalSection
	GlobalSection(ProjectConfigurationPlatforms) = postSolution
		{92898167-D624-4347-8EB5-0A5A23D9A871}.Debug|Any CPU.ActiveCfg = Debug|Any CPU
		{92898167-D624-4347-8EB5-0A5A23D9A871}.Debug|Any CPU.Build.0 = Debug|Any CPU
		{92898167-D624-4347-8EB5-0A5A23D9A871}.Release|Any CPU.ActiveCfg = Release|Any CPU
		{92898167-D624-4347-8EB5-0A5A23D9A871}.Release|Any CPU.Build.0 = Release|Any CPU
		{04E70360-EA41-4183-8618-5F0A59A236E5}.Debug|Any CPU.ActiveCfg = Debug|Any CPU
		{04E70360-EA41-4183-8618-5F0A59A236E5}.Debug|Any CPU.Build.0 = Debug|Any CPU
		{04E70360-EA41-4183-8618-5F0A59A236E5}.Release|Any CPU.ActiveCfg = Release|Any CPU
		{04E70360-EA41-4183-8618-5F0A59A236E5}.Release|Any CPU.Build.0 = Release|Any CPU
		{79FB83F0-F191-42F1-BD2F-468D1558A19F}.Debug|Any CPU.ActiveCfg = Debug|Any CPU
		{79FB83F0-F191-42F1-BD2F-468D1558A19F}.Debug|Any CPU.Build.0 = Debug|Any CPU
		{79FB83F0-F191-42F1-BD2F-468D1558A19F}.Release|Any CPU.ActiveCfg = Release|Any CPU
		{79FB83F0-F191-42F1-BD2F-468D1558A19F}.Release|Any CPU.Build.0 = Release|Any CPU
		{C3CA90B9-4F7A-4660-B39A-274916D16D9C}.Debug|Any CPU.ActiveCfg = Debug|Any CPU
		{C3CA90B9-4F7A-4660-B39A-274916D16D9C}.Debug|Any CPU.Build.0 = Debug|Any CPU
		{C3CA90B9-4F7A-4660-B39A-274916D16D9C}.Release|Any CPU.ActiveCfg = Release|Any CPU
		{C3CA90B9-4F7A-4660-B39A-274916D16D9C}.Release|Any CPU.Build.0 = Release|Any CPU
	EndGlobalSection
EndGlobal
